
Microsoft Visual Studio Solution File, Format Version 12.00
# Visual Studio Version 17
VisualStudioVersion = 17.9.34728.123
MinimumVisualStudioVersion = 10.0.40219.1
Project("{9A19103F-16F7-4668-BE54-9A1E7A4F7556}") = "AuthApp", "AuthApp\AuthApp.csproj", "{0D2CA5FE-B07A-44AF-A234-56095CDF9A47}"
EndProject
Project("{FAE04EC0-301F-11D3-BF4B-00C04F79EFBC}") = "AuthAppUseCases", "AuthAppUseCases\AuthAppUseCases.csproj", "{1868F412-B01B-4785-9CB8-DADC5F8790B0}"
EndProject
Project("{FAE04EC0-301F-11D3-BF4B-00C04F79EFBC}") = "AuthAppInfrastructure", "AuthAppInfrastructure\AuthAppInfrastructure.csproj", "{A9F796C4-D947-44DB-8741-7F3B3E29BCD1}"
EndProject
Project("{FAE04EC0-301F-11D3-BF4B-00C04F79EFBC}") = "AuthAppCore", "AuthAppCore\AuthAppCore.csproj", "{66802654-E3E9-48EA-90E9-7DAF3FDC6672}"
EndProject
Global
	GlobalSection(SolutionConfigurationPlatforms) = preSolution
		Debug|Any CPU = Debug|Any CPU
		Release|Any CPU = Release|Any CPU
	EndGlobalSection
	GlobalSection(ProjectConfigurationPlatforms) = postSolution
		{0D2CA5FE-B07A-44AF-A234-56095CDF9A47}.Debug|Any CPU.ActiveCfg = Debug|Any CPU
		{0D2CA5FE-B07A-44AF-A234-56095CDF9A47}.Debug|Any CPU.Build.0 = Debug|Any CPU
		{0D2CA5FE-B07A-44AF-A234-56095CDF9A47}.Release|Any CPU.ActiveCfg = Release|Any CPU
		{0D2CA5FE-B07A-44AF-A234-56095CDF9A47}.Release|Any CPU.Build.0 = Release|Any CPU
		{1868F412-B01B-4785-9CB8-DADC5F8790B0}.Debug|Any CPU.ActiveCfg = Debug|Any CPU
		{1868F412-B01B-4785-9CB8-DADC5F8790B0}.Debug|Any CPU.Build.0 = Debug|Any CPU
		{1868F412-B01B-4785-9CB8-DADC5F8790B0}.Release|Any CPU.ActiveCfg = Release|Any CPU
		{1868F412-B01B-4785-9CB8-DADC5F8790B0}.Release|Any CPU.Build.0 = Release|Any CPU
		{A9F796C4-D947-44DB-8741-7F3B3E29BCD1}.Debug|Any CPU.ActiveCfg = Debug|Any CPU
		{A9F796C4-D947-44DB-8741-7F3B3E29BCD1}.Debug|Any CPU.Build.0 = Debug|Any CPU
		{A9F796C4-D947-44DB-8741-7F3B3E29BCD1}.Release|Any CPU.ActiveCfg = Release|Any CPU
		{A9F796C4-D947-44DB-8741-7F3B3E29BCD1}.Release|Any CPU.Build.0 = Release|Any CPU
		{66802654-E3E9-48EA-90E9-7DAF3FDC6672}.Debug|Any CPU.ActiveCfg = Debug|Any CPU
		{66802654-E3E9-48EA-90E9-7DAF3FDC6672}.Debug|Any CPU.Build.0 = Debug|Any CPU
		{66802654-E3E9-48EA-90E9-7DAF3FDC6672}.Release|Any CPU.ActiveCfg = Release|Any CPU
		{66802654-E3E9-48EA-90E9-7DAF3FDC6672}.Release|Any CPU.Build.0 = Release|Any CPU
	EndGlobalSection
	GlobalSection(SolutionProperties) = preSolution
		HideSolutionNode = FALSE
	EndGlobalSection
	GlobalSection(ExtensibilityGlobals) = postSolution
		SolutionGuid = {1F6FA7AE-19A2-4642-AA37-3869816AC44E}
	EndGlobalSection
EndGlobal
